
Microsoft Visual Studio Solution File, Format Version 12.00
# Visual Studio Version 17
VisualStudioVersion = 17.6.33815.320
MinimumVisualStudioVersion = 10.0.40219.1
Project("{FAE04EC0-301F-11D3-BF4B-00C04F79EFBC}") = "MockAssessment5b", "MockAssessment5b\MockAssessment5b.csproj", "{DBD843E8-7EFA-4A82-9979-946B3983FA97}"
EndProject
Global
	GlobalSection(SolutionConfigurationPlatforms) = preSolution
		Debug|Any CPU = Debug|Any CPU
		Release|Any CPU = Release|Any CPU
	EndGlobalSection
	GlobalSection(ProjectConfigurationPlatforms) = postSolution
		{DBD843E8-7EFA-4A82-9979-946B3983FA97}.Debug|Any CPU.ActiveCfg = Debug|Any CPU
		{DBD843E8-7EFA-4A82-9979-946B3983FA97}.Debug|Any CPU.Build.0 = Debug|Any CPU
		{DBD843E8-7EFA-4A82-9979-946B3983FA97}.Release|Any CPU.ActiveCfg = Release|Any CPU
		{DBD843E8-7EFA-4A82-9979-946B3983FA97}.Release|Any CPU.Build.0 = Release|Any CPU
	EndGlobalSection
	GlobalSection(SolutionProperties) = preSolution
		HideSolutionNode = FALSE
	EndGlobalSection
	GlobalSection(ExtensibilityGlobals) = postSolution
		SolutionGuid = {564636F2-BE8C-4782-9380-30E5ECB57C62}
	EndGlobalSection
EndGlobal
